github.com/anishathalye/porcupine v1.0.0 h1:93eF6d26IMDky+G4h8FcLuYp1oO+no8a//I7asq/oKI=
github.com/anishathalye/porcupine v1.0.0/go.mod h1:WM0SsFjWNl2Y4BqHr/E/ll2yY1GY1jqn+W7Z/84Zoog=
go.uber.org/multierr v1.11.0 h1:blXXJkSxSSfBVBlC76pxqeO+LN3aDfLQo+309xJstO0=
go.uber.org/multierr v1.11.0/go.mod h1:20+QtiLqy0Nd6FdQB9TLXag12DsQkrbs3htMFfDN80Y=
go.uber.org/zap v1.27.1 h1:08RqriUEv8+ArZRYSTXy1LeBScaMpVSTBhCeaZYfMYc=
go.uber.org/zap v1.27.1/go.mod h1:GB2qFLM7cTU87MWRP2mPIjqfIDnGu+VIO4V/SdhGo2E=
